// !$*UTF8*$!
{
	archiveVersion = 1;
	classes = {
	};
	objectVersion = 50;
	objects = {

/* Begin PBXBuildFile section */
		5D2E26783A101B88034353C2 /* Pods_ApiKudagoTest.framework in Frameworks */ = {isa = PBXBuildFile; fileRef = 2CAB0084B6112EB8575982C2 /* Pods_ApiKudagoTest.framework */; };
		B53ED7A9225E395900CB2BFD /* SF-Pro-Display-BoldItalic.otf in Resources */ = {isa = PBXBuildFile; fileRef = B53ED78B225E395300CB2BFD /* SF-Pro-Display-BoldItalic.otf */; };
		B53ED7AA225E395900CB2BFD /* SF-Pro-Display-UltralightItalic.otf in Resources */ = {isa = PBXBuildFile; fileRef = B53ED78C225E395300CB2BFD /* SF-Pro-Display-UltralightItalic.otf */; };
		B53ED7AB225E395900CB2BFD /* SF-Pro-Text-Light.otf in Resources */ = {isa = PBXBuildFile; fileRef = B53ED78D225E395400CB2BFD /* SF-Pro-Text-Light.otf */; };
		B53ED7AC225E395900CB2BFD /* SF-Pro-Display-Ultralight.otf in Resources */ = {isa = PBXBuildFile; fileRef = B53ED78E225E395400CB2BFD /* SF-Pro-Display-Ultralight.otf */; };
		B53ED7AD225E395900CB2BFD /* SF-Pro-Display-LightItalic.otf in Resources */ = {isa = PBXBuildFile; fileRef = B53ED78F225E395400CB2BFD /* SF-Pro-Display-LightItalic.otf */; };
		B53ED7AE225E395900CB2BFD /* SF-Pro-Display-MediumItalic.otf in Resources */ = {isa = PBXBuildFile; fileRef = B53ED790225E395400CB2BFD /* SF-Pro-Display-MediumItalic.otf */; };
		B53ED7AF225E395900CB2BFD /* SF-Pro-Display-Heavy.otf in Resources */ = {isa = PBXBuildFile; fileRef = B53ED791225E395400CB2BFD /* SF-Pro-Display-Heavy.otf */; };
		B53ED7B0225E395900CB2BFD /* SF-Pro-Text-Bold.otf in Resources */ = {isa = PBXBuildFile; fileRef = B53ED792225E395400CB2BFD /* SF-Pro-Text-Bold.otf */; };
		B53ED7B1225E395900CB2BFD /* SF-Pro-Display-Medium.otf in Resources */ = {isa = PBXBuildFile; fileRef = B53ED793225E395400CB2BFD /* SF-Pro-Display-Medium.otf */; };
		B53ED7B2225E395900CB2BFD /* SF-Pro-Text-MediumItalic.otf in Resources */ = {isa = PBXBuildFile; fileRef = B53ED794225E395500CB2BFD /* SF-Pro-Text-MediumItalic.otf */; };
		B53ED7B3225E395900CB2BFD /* SF-Pro-Display-RegularItalic.otf in Resources */ = {isa = PBXBuildFile; fileRef = B53ED795225E395500CB2BFD /* SF-Pro-Display-RegularItalic.otf */; };
		B53ED7B4225E395900CB2BFD /* SF-Pro-Text-Regular.otf in Resources */ = {isa = PBXBuildFile; fileRef = B53ED796225E395500CB2BFD /* SF-Pro-Text-Regular.otf */; };
		B53ED7B5225E395900CB2BFD /* SF-Pro-Display-Regular.otf in Resources */ = {isa = PBXBuildFile; fileRef = B53ED797225E395500CB2BFD /* SF-Pro-Display-Regular.otf */; };
		B53ED7B6225E395900CB2BFD /* SF-Pro-Text-SemiboldItalic.otf in Resources */ = {isa = PBXBuildFile; fileRef = B53ED798225E395500CB2BFD /* SF-Pro-Text-SemiboldItalic.otf */; };
		B53ED7B7225E395900CB2BFD /* SF-Pro-Text-RegularItalic.otf in Resources */ = {isa = PBXBuildFile; fileRef = B53ED799225E395500CB2BFD /* SF-Pro-Text-RegularItalic.otf */; };
		B53ED7B8225E395900CB2BFD /* SF-Pro-Display-Light.otf in Resources */ = {isa = PBXBuildFile; fileRef = B53ED79A225E395500CB2BFD /* SF-Pro-Display-Light.otf */; };
		B53ED7B9225E395900CB2BFD /* SF-Pro-Text-Semibold.otf in Resources */ = {isa = PBXBuildFile; fileRef = B53ED79B225E395600CB2BFD /* SF-Pro-Text-Semibold.otf */; };
		B53ED7BA225E395900CB2BFD /* SF-Pro-Display-BlackItalic.otf in Resources */ = {isa = PBXBuildFile; fileRef = B53ED79C225E395600CB2BFD /* SF-Pro-Display-BlackItalic.otf */; };
		B53ED7BB225E395900CB2BFD /* SF-Pro-Text-LightItalic.otf in Resources */ = {isa = PBXBuildFile; fileRef = B53ED79D225E395600CB2BFD /* SF-Pro-Text-LightItalic.otf */; };
		B53ED7BC225E395900CB2BFD /* SF-Pro-Display-Bold.otf in Resources */ = {isa = PBXBuildFile; fileRef = B53ED79E225E395600CB2BFD /* SF-Pro-Display-Bold.otf */; };
		B53ED7BD225E395900CB2BFD /* SF-Pro-Display-Thin.otf in Resources */ = {isa = PBXBuildFile; fileRef = B53ED79F225E395600CB2BFD /* SF-Pro-Display-Thin.otf */; };
		B53ED7BE225E395900CB2BFD /* SF-Pro-Display-HeavyItalic.otf in Resources */ = {isa = PBXBuildFile; fileRef = B53ED7A0225E395700CB2BFD /* SF-Pro-Display-HeavyItalic.otf */; };
		B53ED7BF225E395900CB2BFD /* SF-Pro-Display-ThinItalic.otf in Resources */ = {isa = PBXBuildFile; fileRef = B53ED7A1225E395700CB2BFD /* SF-Pro-Display-ThinItalic.otf */; };
		B53ED7C0225E395900CB2BFD /* SF-Pro-Text-Medium.otf in Resources */ = {isa = PBXBuildFile; fileRef = B53ED7A2225E395700CB2BFD /* SF-Pro-Text-Medium.otf */; };
		B53ED7C1225E395900CB2BFD /* SF-Pro-Display-SemiboldItalic.otf in Resources */ = {isa = PBXBuildFile; fileRef = B53ED7A3225E395700CB2BFD /* SF-Pro-Display-SemiboldItalic.otf */; };
		B53ED7C2225E395900CB2BFD /* SF-Pro-Display-Semibold.otf in Resources */ = {isa = PBXBuildFile; fileRef = B53ED7A4225E395700CB2BFD /* SF-Pro-Display-Semibold.otf */; };
		B53ED7C3225E395900CB2BFD /* SF-Pro-Text-Heavy.otf in Resources */ = {isa = PBXBuildFile; fileRef = B53ED7A5225E395800CB2BFD /* SF-Pro-Text-Heavy.otf */; };
		B53ED7C4225E395900CB2BFD /* SF-Pro-Text-BoldItalic.otf in Resources */ = {isa = PBXBuildFile; fileRef = B53ED7A6225E395800CB2BFD /* SF-Pro-Text-BoldItalic.otf */; };
		B53ED7C5225E395900CB2BFD /* SF-Pro-Display-Black.otf in Resources */ = {isa = PBXBuildFile; fileRef = B53ED7A7225E395800CB2BFD /* SF-Pro-Display-Black.otf */; };
		B53ED7C6225E395900CB2BFD /* SF-Pro-Text-HeavyItalic.otf in Resources */ = {isa = PBXBuildFile; fileRef = B53ED7A8225E395800CB2BFD /* SF-Pro-Text-HeavyItalic.otf */; };
		B56B99F4223FECA600954A35 /* CityList.swift in Sources */ = {isa = PBXBuildFile; fileRef = B56B99F3223FECA600954A35 /* CityList.swift */; };
		B56B99F6223FEE9500954A35 /* CityListCell.swift in Sources */ = {isa = PBXBuildFile; fileRef = B56B99F5223FEE9500954A35 /* CityListCell.swift */; };
		B56B99FA22437CC700954A35 /* SecondViewInKudaGo.swift in Sources */ = {isa = PBXBuildFile; fileRef = B56B99F922437CC700954A35 /* SecondViewInKudaGo.swift */; };
		B57DF561222AFCC3000EA406 /* AppDelegate.swift in Sources */ = {isa = PBXBuildFile; fileRef = B57DF560222AFCC3000EA406 /* AppDelegate.swift */; };
		B57DF563222AFCC3000EA406 /* ViewController.swift in Sources */ = {isa = PBXBuildFile; fileRef = B57DF562222AFCC3000EA406 /* ViewController.swift */; };
		B57DF566222AFCC3000EA406 /* Main.storyboard in Resources */ = {isa = PBXBuildFile; fileRef = B57DF564222AFCC3000EA406 /* Main.storyboard */; };
		B57DF568222AFCC6000EA406 /* Assets.xcassets in Resources */ = {isa = PBXBuildFile; fileRef = B57DF567222AFCC6000EA406 /* Assets.xcassets */; };
		B57DF56B222AFCC6000EA406 /* LaunchScreen.storyboard in Resources */ = {isa = PBXBuildFile; fileRef = B57DF569222AFCC6000EA406 /* LaunchScreen.storyboard */; };
		B57DF576222D315E000EA406 /* KGCell.swift in Sources */ = {isa = PBXBuildFile; fileRef = B57DF575222D315E000EA406 /* KGCell.swift */; };
/* End PBXBuildFile section */

/* Begin PBXFileReference section */
		2CAB0084B6112EB8575982C2 /* Pods_ApiKudagoTest.framework */ = {isa = PBXFileReference; explicitFileType = wrapper.framework; includeInIndex = 0; path = Pods_ApiKudagoTest.framework; sourceTree = BUILT_PRODUCTS_DIR; };
		B508DF8F223D2ACF00E1CD95 /* ApiKudagoTest.entitlements */ = {isa = PBXFileReference; lastKnownFileType = text.plist.entitlements; path = ApiKudagoTest.entitlements; sourceTree = "<group>"; };
		B53ED78B225E395300CB2BFD /* SF-Pro-Display-BoldItalic.otf */ = {isa = PBXFileReference; lastKnownFileType = file; path = "SF-Pro-Display-BoldItalic.otf"; sourceTree = "<group>"; };
		B53ED78C225E395300CB2BFD /* SF-Pro-Display-UltralightItalic.otf */ = {isa = PBXFileReference; lastKnownFileType = file; path = "SF-Pro-Display-UltralightItalic.otf"; sourceTree = "<group>"; };
		B53ED78D225E395400CB2BFD /* SF-Pro-Text-Light.otf */ = {isa = PBXFileReference; lastKnownFileType = file; path = "SF-Pro-Text-Light.otf"; sourceTree = "<group>"; };
		B53ED78E225E395400CB2BFD /* SF-Pro-Display-Ultralight.otf */ = {isa = PBXFileReference; lastKnownFileType = file; path = "SF-Pro-Display-Ultralight.otf"; sourceTree = "<group>"; };
		B53ED78F225E395400CB2BFD /* SF-Pro-Display-LightItalic.otf */ = {isa = PBXFileReference; lastKnownFileType = file; path = "SF-Pro-Display-LightItalic.otf"; sourceTree = "<group>"; };
		B53ED790225E395400CB2BFD /* SF-Pro-Display-MediumItalic.otf */ = {isa = PBXFileReference; lastKnownFileType = file; path = "SF-Pro-Display-MediumItalic.otf"; sourceTree = "<group>"; };
		B53ED791225E395400CB2BFD /* SF-Pro-Display-Heavy.otf */ = {isa = PBXFileReference; lastKnownFileType = file; path = "SF-Pro-Display-Heavy.otf"; sourceTree = "<group>"; };
		B53ED792225E395400CB2BFD /* SF-Pro-Text-Bold.otf */ = {isa = PBXFileReference; lastKnownFileType = file; path = "SF-Pro-Text-Bold.otf"; sourceTree = "<group>"; };
		B53ED793225E395400CB2BFD /* SF-Pro-Display-Medium.otf */ = {isa = PBXFileReference; lastKnownFileType = file; path = "SF-Pro-Display-Medium.otf"; sourceTree = "<group>"; };
		B53ED794225E395500CB2BFD /* SF-Pro-Text-MediumItalic.otf */ = {isa = PBXFileReference; lastKnownFileType = file; path = "SF-Pro-Text-MediumItalic.otf"; sourceTree = "<group>"; };
		B53ED795225E395500CB2BFD /* SF-Pro-Display-RegularItalic.otf */ = {isa = PBXFileReference; lastKnownFileType = file; path = "SF-Pro-Display-RegularItalic.otf"; sourceTree = "<group>"; };
		B53ED796225E395500CB2BFD /* SF-Pro-Text-Regular.otf */ = {isa = PBXFileReference; lastKnownFileType = file; path = "SF-Pro-Text-Regular.otf"; sourceTree = "<group>"; };
		B53ED797225E395500CB2BFD /* SF-Pro-Display-Regular.otf */ = {isa = PBXFileReference; lastKnownFileType = file; path = "SF-Pro-Display-Regular.otf"; sourceTree = "<group>"; };
		B53ED798225E395500CB2BFD /* SF-Pro-Text-SemiboldItalic.otf */ = {isa = PBXFileReference; lastKnownFileType = file; path = "SF-Pro-Text-SemiboldItalic.otf"; sourceTree = "<group>"; };
		B53ED799225E395500CB2BFD /* SF-Pro-Text-RegularItalic.otf */ = {isa = PBXFileReference; lastKnownFileType = file; path = "SF-Pro-Text-RegularItalic.otf"; sourceTree = "<group>"; };
		B53ED79A225E395500CB2BFD /* SF-Pro-Display-Light.otf */ = {isa = PBXFileReference; lastKnownFileType = file; path = "SF-Pro-Display-Light.otf"; sourceTree = "<group>"; };
		B53ED79B225E395600CB2BFD /* SF-Pro-Text-Semibold.otf */ = {isa = PBXFileReference; lastKnownFileType = file; path = "SF-Pro-Text-Semibold.otf"; sourceTree = "<group>"; };
		B53ED79C225E395600CB2BFD /* SF-Pro-Display-BlackItalic.otf */ = {isa = PBXFileReference; lastKnownFileType = file; path = "SF-Pro-Display-BlackItalic.otf"; sourceTree = "<group>"; };
		B53ED79D225E395600CB2BFD /* SF-Pro-Text-LightItalic.otf */ = {isa = PBXFileReference; lastKnownFileType = file; path = "SF-Pro-Text-LightItalic.otf"; sourceTree = "<group>"; };
		B53ED79E225E395600CB2BFD /* SF-Pro-Display-Bold.otf */ = {isa = PBXFileReference; lastKnownFileType = file; path = "SF-Pro-Display-Bold.otf"; sourceTree = "<group>"; };
		B53ED79F225E395600CB2BFD /* SF-Pro-Display-Thin.otf */ = {isa = PBXFileReference; lastKnownFileType = file; path = "SF-Pro-Display-Thin.otf"; sourceTree = "<group>"; };
		B53ED7A0225E395700CB2BFD /* SF-Pro-Display-HeavyItalic.otf */ = {isa = PBXFileReference; lastKnownFileType = file; path = "SF-Pro-Display-HeavyItalic.otf"; sourceTree = "<group>"; };
		B53ED7A1225E395700CB2BFD /* SF-Pro-Display-ThinItalic.otf */ = {isa = PBXFileReference; lastKnownFileType = file; path = "SF-Pro-Display-ThinItalic.otf"; sourceTree = "<group>"; };
		B53ED7A2225E395700CB2BFD /* SF-Pro-Text-Medium.otf */ = {isa = PBXFileReference; lastKnownFileType = file; path = "SF-Pro-Text-Medium.otf"; sourceTree = "<group>"; };
		B53ED7A3225E395700CB2BFD /* SF-Pro-Display-SemiboldItalic.otf */ = {isa = PBXFileReference; lastKnownFileType = file; path = "SF-Pro-Display-SemiboldItalic.otf"; sourceTree = "<group>"; };
		B53ED7A4225E395700CB2BFD /* SF-Pro-Display-Semibold.otf */ = {isa = PBXFileReference; lastKnownFileType = file; path = "SF-Pro-Display-Semibold.otf"; sourceTree = "<group>"; };
		B53ED7A5225E395800CB2BFD /* SF-Pro-Text-Heavy.otf */ = {isa = PBXFileReference; lastKnownFileType = file; path = "SF-Pro-Text-Heavy.otf"; sourceTree = "<group>"; };
		B53ED7A6225E395800CB2BFD /* SF-Pro-Text-BoldItalic.otf */ = {isa = PBXFileReference; lastKnownFileType = file; path = "SF-Pro-Text-BoldItalic.otf"; sourceTree = "<group>"; };
		B53ED7A7225E395800CB2BFD /* SF-Pro-Display-Black.otf */ = {isa = PBXFileReference; lastKnownFileType = file; path = "SF-Pro-Display-Black.otf"; sourceTree = "<group>"; };
		B53ED7A8225E395800CB2BFD /* SF-Pro-Text-HeavyItalic.otf */ = {isa = PBXFileReference; lastKnownFileType = file; path = "SF-Pro-Text-HeavyItalic.otf"; sourceTree = "<group>"; };
		B56B99F3223FECA600954A35 /* CityList.swift */ = {isa = PBXFileReference; lastKnownFileType = sourcecode.swift; path = CityList.swift; sourceTree = "<group>"; };
		B56B99F5223FEE9500954A35 /* CityListCell.swift */ = {isa = PBXFileReference; lastKnownFileType = sourcecode.swift; path = CityListCell.swift; sourceTree = "<group>"; };
		B56B99F922437CC700954A35 /* SecondViewInKudaGo.swift */ = {isa = PBXFileReference; lastKnownFileType = sourcecode.swift; path = SecondViewInKudaGo.swift; sourceTree = "<group>"; };
		B57DF55D222AFCC3000EA406 /* ApiKudagoTest.app */ = {isa = PBXFileReference; explicitFileType = wrapper.application; includeInIndex = 0; path = ApiKudagoTest.app; sourceTree = BUILT_PRODUCTS_DIR; };
		B57DF560222AFCC3000EA406 /* AppDelegate.swift */ = {isa = PBXFileReference; lastKnownFileType = sourcecode.swift; path = AppDelegate.swift; sourceTree = "<group>"; };
		B57DF562222AFCC3000EA406 /* ViewController.swift */ = {isa = PBXFileReference; lastKnownFileType = sourcecode.swift; path = ViewController.swift; sourceTree = "<group>"; };
		B57DF565222AFCC3000EA406 /* Base */ = {isa = PBXFileReference; lastKnownFileType = file.storyboard; name = Base; path = Base.lproj/Main.storyboard; sourceTree = "<group>"; };
		B57DF567222AFCC6000EA406 /* Assets.xcassets */ = {isa = PBXFileReference; lastKnownFileType = folder.assetcatalog; path = Assets.xcassets; sourceTree = "<group>"; };
		B57DF56A222AFCC6000EA406 /* Base */ = {isa = PBXFileReference; lastKnownFileType = file.storyboard; name = Base; path = Base.lproj/LaunchScreen.storyboard; sourceTree = "<group>"; };
		B57DF56C222AFCC6000EA406 /* Info.plist */ = {isa = PBXFileReference; lastKnownFileType = text.plist.xml; path = Info.plist; sourceTree = "<group>"; };
		B57DF575222D315E000EA406 /* KGCell.swift */ = {isa = PBXFileReference; lastKnownFileType = sourcecode.swift; path = KGCell.swift; sourceTree = "<group>"; };
		CF51E03BCD70DFF2D0ADE091 /* Pods-ApiKudagoTest.debug.xcconfig */ = {isa = PBXFileReference; includeInIndex = 1; lastKnownFileType = text.xcconfig; name = "Pods-ApiKudagoTest.debug.xcconfig"; path = "Pods/Target Support Files/Pods-ApiKudagoTest/Pods-ApiKudagoTest.debug.xcconfig"; sourceTree = "<group>"; };
		D67083FF08CA97F9BD3D82D8 /* Pods-ApiKudagoTest.release.xcconfig */ = {isa = PBXFileReference; includeInIndex = 1; lastKnownFileType = text.xcconfig; name = "Pods-ApiKudagoTest.release.xcconfig"; path = "Pods/Target Support Files/Pods-ApiKudagoTest/Pods-ApiKudagoTest.release.xcconfig"; sourceTree = "<group>"; };
/* End PBXFileReference section */

/* Begin PBXFrameworksBuildPhase section */
		B57DF55A222AFCC3000EA406 /* Frameworks */ = {
			isa = PBXFrameworksBuildPhase;
			buildActionMask = 2147483647;
			files = (
				5D2E26783A101B88034353C2 /* Pods_ApiKudagoTest.framework in Frameworks */,
			);
			runOnlyForDeploymentPostprocessing = 0;
		};
/* End PBXFrameworksBuildPhase section */

/* Begin PBXGroup section */
		4C660F7AC1EF158C141D053F /* Pods */ = {
			isa = PBXGroup;
			children = (
				CF51E03BCD70DFF2D0ADE091 /* Pods-ApiKudagoTest.debug.xcconfig */,
				D67083FF08CA97F9BD3D82D8 /* Pods-ApiKudagoTest.release.xcconfig */,
			);
			name = Pods;
			sourceTree = "<group>";
		};
		84215AC3847ECCCDCE4FD69E /* Frameworks */ = {
			isa = PBXGroup;
			children = (
				2CAB0084B6112EB8575982C2 /* Pods_ApiKudagoTest.framework */,
			);
			name = Frameworks;
			sourceTree = "<group>";
		};
		B53ED78A225E391D00CB2BFD /* Fonts */ = {
			isa = PBXGroup;
			children = (
				B53ED7A7225E395800CB2BFD /* SF-Pro-Display-Black.otf */,
				B53ED79C225E395600CB2BFD /* SF-Pro-Display-BlackItalic.otf */,
				B53ED79E225E395600CB2BFD /* SF-Pro-Display-Bold.otf */,
				B53ED78B225E395300CB2BFD /* SF-Pro-Display-BoldItalic.otf */,
				B53ED791225E395400CB2BFD /* SF-Pro-Display-Heavy.otf */,
				B53ED7A0225E395700CB2BFD /* SF-Pro-Display-HeavyItalic.otf */,
				B53ED79A225E395500CB2BFD /* SF-Pro-Display-Light.otf */,
				B53ED78F225E395400CB2BFD /* SF-Pro-Display-LightItalic.otf */,
				B53ED793225E395400CB2BFD /* SF-Pro-Display-Medium.otf */,
				B53ED790225E395400CB2BFD /* SF-Pro-Display-MediumItalic.otf */,
				B53ED797225E395500CB2BFD /* SF-Pro-Display-Regular.otf */,
				B53ED795225E395500CB2BFD /* SF-Pro-Display-RegularItalic.otf */,
				B53ED7A4225E395700CB2BFD /* SF-Pro-Display-Semibold.otf */,
				B53ED7A3225E395700CB2BFD /* SF-Pro-Display-SemiboldItalic.otf */,
				B53ED79F225E395600CB2BFD /* SF-Pro-Display-Thin.otf */,
				B53ED7A1225E395700CB2BFD /* SF-Pro-Display-ThinItalic.otf */,
				B53ED78E225E395400CB2BFD /* SF-Pro-Display-Ultralight.otf */,
				B53ED78C225E395300CB2BFD /* SF-Pro-Display-UltralightItalic.otf */,
				B53ED792225E395400CB2BFD /* SF-Pro-Text-Bold.otf */,
				B53ED7A6225E395800CB2BFD /* SF-Pro-Text-BoldItalic.otf */,
				B53ED7A5225E395800CB2BFD /* SF-Pro-Text-Heavy.otf */,
				B53ED7A8225E395800CB2BFD /* SF-Pro-Text-HeavyItalic.otf */,
				B53ED78D225E395400CB2BFD /* SF-Pro-Text-Light.otf */,
				B53ED79D225E395600CB2BFD /* SF-Pro-Text-LightItalic.otf */,
				B53ED7A2225E395700CB2BFD /* SF-Pro-Text-Medium.otf */,
				B53ED794225E395500CB2BFD /* SF-Pro-Text-MediumItalic.otf */,
				B53ED796225E395500CB2BFD /* SF-Pro-Text-Regular.otf */,
				B53ED799225E395500CB2BFD /* SF-Pro-Text-RegularItalic.otf */,
				B53ED79B225E395600CB2BFD /* SF-Pro-Text-Semibold.otf */,
				B53ED798225E395500CB2BFD /* SF-Pro-Text-SemiboldItalic.otf */,
			);
			path = Fonts;
			sourceTree = "<group>";
		};
		B57DF554222AFCC3000EA406 = {
			isa = PBXGroup;
			children = (
				B57DF55F222AFCC3000EA406 /* ApiKudagoTest */,
				B57DF55E222AFCC3000EA406 /* Products */,
				4C660F7AC1EF158C141D053F /* Pods */,
				84215AC3847ECCCDCE4FD69E /* Frameworks */,
			);
			sourceTree = "<group>";
		};
		B57DF55E222AFCC3000EA406 /* Products */ = {
			isa = PBXGroup;
			children = (
				B57DF55D222AFCC3000EA406 /* ApiKudagoTest.app */,
			);
			name = Products;
			sourceTree = "<group>";
		};
		B57DF55F222AFCC3000EA406 /* ApiKudagoTest */ = {
			isa = PBXGroup;
			children = (
				B508DF8F223D2ACF00E1CD95 /* ApiKudagoTest.entitlements */,
				B57DF560222AFCC3000EA406 /* AppDelegate.swift */,
				B57DF562222AFCC3000EA406 /* ViewController.swift */,
				B57DF564222AFCC3000EA406 /* Main.storyboard */,
				B57DF567222AFCC6000EA406 /* Assets.xcassets */,
				B57DF569222AFCC6000EA406 /* LaunchScreen.storyboard */,
				B57DF56C222AFCC6000EA406 /* Info.plist */,
				B57DF575222D315E000EA406 /* KGCell.swift */,
				B56B99F3223FECA600954A35 /* CityList.swift */,
				B56B99F5223FEE9500954A35 /* CityListCell.swift */,
				B56B99F922437CC700954A35 /* SecondViewInKudaGo.swift */,
				B53ED78A225E391D00CB2BFD /* Fonts */,
			);
			path = ApiKudagoTest;
			sourceTree = "<group>";
		};
/* End PBXGroup section */

/* Begin PBXNativeTarget section */
		B57DF55C222AFCC3000EA406 /* ApiKudagoTest */ = {
			isa = PBXNativeTarget;
			buildConfigurationList = B57DF56F222AFCC6000EA406 /* Build configuration list for PBXNativeTarget "ApiKudagoTest" */;
			buildPhases = (
				76B9EFED46C70C4CF29C2315 /* [CP] Check Pods Manifest.lock */,
				B57DF559222AFCC3000EA406 /* Sources */,
				B57DF55A222AFCC3000EA406 /* Frameworks */,
				B57DF55B222AFCC3000EA406 /* Resources */,
				6CB8DC23B1F6CBC99FE6ABF7 /* [CP] Embed Pods Frameworks */,
			);
			buildRules = (
			);
			dependencies = (
			);
			name = ApiKudagoTest;
			productName = ApiKudagoTest;
			productReference = B57DF55D222AFCC3000EA406 /* ApiKudagoTest.app */;
			productType = "com.apple.product-type.application";
		};
/* End PBXNativeTarget section */

/* Begin PBXProject section */
		B57DF555222AFCC3000EA406 /* Project object */ = {
			isa = PBXProject;
			attributes = {
				LastSwiftUpdateCheck = 1010;
				LastUpgradeCheck = 1010;
				ORGANIZATIONNAME = "Кирилл Кибешев";
				TargetAttributes = {
					B57DF55C222AFCC3000EA406 = {
						CreatedOnToolsVersion = 10.1;
						SystemCapabilities = {
							com.apple.Keychain = {
								enabled = 0;
							};
						};
					};
				};
			};
			buildConfigurationList = B57DF558222AFCC3000EA406 /* Build configuration list for PBXProject "ApiKudagoTest" */;
			compatibilityVersion = "Xcode 9.3";
			developmentRegion = en;
			hasScannedForEncodings = 0;
			knownRegions = (
				en,
				Base,
			);
			mainGroup = B57DF554222AFCC3000EA406;
			productRefGroup = B57DF55E222AFCC3000EA406 /* Products */;
			projectDirPath = "";
			projectRoot = "";
			targets = (
				B57DF55C222AFCC3000EA406 /* ApiKudagoTest */,
			);
		};
/* End PBXProject section */

/* Begin PBXResourcesBuildPhase section */
		B57DF55B222AFCC3000EA406 /* Resources */ = {
			isa = PBXResourcesBuildPhase;
			buildActionMask = 2147483647;
			files = (
				B53ED7C1225E395900CB2BFD /* SF-Pro-Display-SemiboldItalic.otf in Resources */,
				B53ED7BF225E395900CB2BFD /* SF-Pro-Display-ThinItalic.otf in Resources */,
				B53ED7B1225E395900CB2BFD /* SF-Pro-Display-Medium.otf in Resources */,
				B53ED7B2225E395900CB2BFD /* SF-Pro-Text-MediumItalic.otf in Resources */,
				B53ED7C2225E395900CB2BFD /* SF-Pro-Display-Semibold.otf in Resources */,
				B53ED7B3225E395900CB2BFD /* SF-Pro-Display-RegularItalic.otf in Resources */,
				B57DF56B222AFCC6000EA406 /* LaunchScreen.storyboard in Resources */,
				B53ED7C3225E395900CB2BFD /* SF-Pro-Text-Heavy.otf in Resources */,
				B53ED7AF225E395900CB2BFD /* SF-Pro-Display-Heavy.otf in Resources */,
				B57DF568222AFCC6000EA406 /* Assets.xcassets in Resources */,
				B53ED7B4225E395900CB2BFD /* SF-Pro-Text-Regular.otf in Resources */,
				B53ED7C0225E395900CB2BFD /* SF-Pro-Text-Medium.otf in Resources */,
				B53ED7AD225E395900CB2BFD /* SF-Pro-Display-LightItalic.otf in Resources */,
				B53ED7BD225E395900CB2BFD /* SF-Pro-Display-Thin.otf in Resources */,
				B53ED7AC225E395900CB2BFD /* SF-Pro-Display-Ultralight.otf in Resources */,
				B53ED7B8225E395900CB2BFD /* SF-Pro-Display-Light.otf in Resources */,
				B53ED7BC225E395900CB2BFD /* SF-Pro-Display-Bold.otf in Resources */,
				B53ED7B0225E395900CB2BFD /* SF-Pro-Text-Bold.otf in Resources */,
				B53ED7B6225E395900CB2BFD /* SF-Pro-Text-SemiboldItalic.otf in Resources */,
				B53ED7C5225E395900CB2BFD /* SF-Pro-Display-Black.otf in Resources */,
				B53ED7BE225E395900CB2BFD /* SF-Pro-Display-HeavyItalic.otf in Resources */,
				B53ED7BB225E395900CB2BFD /* SF-Pro-Text-LightItalic.otf in Resources */,
				B53ED7B9225E395900CB2BFD /* SF-Pro-Text-Semibold.otf in Resources */,
				B53ED7B5225E395900CB2BFD /* SF-Pro-Display-Regular.otf in Resources */,
				B53ED7C4225E395900CB2BFD /* SF-Pro-Text-BoldItalic.otf in Resources */,
				B53ED7AE225E395900CB2BFD /* SF-Pro-Display-MediumItalic.otf in Resources */,
				B53ED7C6225E395900CB2BFD /* SF-Pro-Text-HeavyItalic.otf in Resources */,
				B53ED7AB225E395900CB2BFD /* SF-Pro-Text-Light.otf in Resources */,
				B53ED7BA225E395900CB2BFD /* SF-Pro-Display-BlackItalic.otf in Resources */,
				B53ED7A9225E395900CB2BFD /* SF-Pro-Display-BoldItalic.otf in Resources */,
				B57DF566222AFCC3000EA406 /* Main.storyboard in Resources */,
				B53ED7B7225E395900CB2BFD /* SF-Pro-Text-RegularItalic.otf in Resources */,
				B53ED7AA225E395900CB2BFD /* SF-Pro-Display-UltralightItalic.otf in Resources */,
			);
			runOnlyForDeploymentPostprocessing = 0;
		};
/* End PBXResourcesBuildPhase section */

/* Begin PBXShellScriptBuildPhase section */
		6CB8DC23B1F6CBC99FE6ABF7 /* [CP] Embed Pods Frameworks */ = {
			isa = PBXShellScriptBuildPhase;
			buildActionMask = 2147483647;
			files = (
			);
			inputPaths = (
				"${SRCROOT}/Pods/Target Support Files/Pods-ApiKudagoTest/Pods-ApiKudagoTest-frameworks.sh",
				"${BUILT_PRODUCTS_DIR}/Nuke/Nuke.framework",
			);
			name = "[CP] Embed Pods Frameworks";
			outputPaths = (
				"${TARGET_BUILD_DIR}/${FRAMEWORKS_FOLDER_PATH}/Nuke.framework",
			);
			runOnlyForDeploymentPostprocessing = 0;
			shellPath = /bin/sh;
			shellScript = "\"${SRCROOT}/Pods/Target Support Files/Pods-ApiKudagoTest/Pods-ApiKudagoTest-frameworks.sh\"\n";
			showEnvVarsInLog = 0;
		};
		76B9EFED46C70C4CF29C2315 /* [CP] Check Pods Manifest.lock */ = {
			isa = PBXShellScriptBuildPhase;
			buildActionMask = 2147483647;
			files = (
			);
			inputPaths = (
				"${PODS_PODFILE_DIR_PATH}/Podfile.lock",
				"${PODS_ROOT}/Manifest.lock",
			);
			name = "[CP] Check Pods Manifest.lock";
			outputPaths = (
				"$(DERIVED_FILE_DIR)/Pods-ApiKudagoTest-checkManifestLockResult.txt",
			);
			runOnlyForDeploymentPostprocessing = 0;
			shellPath = /bin/sh;
			shellScript = "diff \"${PODS_PODFILE_DIR_PATH}/Podfile.lock\" \"${PODS_ROOT}/Manifest.lock\" > /dev/null\nif [ $? != 0 ] ; then\n    # print error to STDERR\n    echo \"error: The sandbox is not in sync with the Podfile.lock. Run 'pod install' or update your CocoaPods installation.\" >&2\n    exit 1\nfi\n# This output is used by Xcode 'outputs' to avoid re-running this script phase.\necho \"SUCCESS\" > \"${SCRIPT_OUTPUT_FILE_0}\"\n";
			showEnvVarsInLog = 0;
		};
/* End PBXShellScriptBuildPhase section */

/* Begin PBXSourcesBuildPhase section */
		B57DF559222AFCC3000EA406 /* Sources */ = {
			isa = PBXSourcesBuildPhase;
			buildActionMask = 2147483647;
			files = (
				B56B99F6223FEE9500954A35 /* CityListCell.swift in Sources */,
				B57DF563222AFCC3000EA406 /* ViewController.swift in Sources */,
				B56B99FA22437CC700954A35 /* SecondViewInKudaGo.swift in Sources */,
				B57DF576222D315E000EA406 /* KGCell.swift in Sources */,
				B56B99F4223FECA600954A35 /* CityList.swift in Sources */,
				B57DF561222AFCC3000EA406 /* AppDelegate.swift in Sources */,
			);
			runOnlyForDeploymentPostprocessing = 0;
		};
/* End PBXSourcesBuildPhase section */

/* Begin PBXVariantGroup section */
		B57DF564222AFCC3000EA406 /* Main.storyboard */ = {
			isa = PBXVariantGroup;
			children = (
				B57DF565222AFCC3000EA406 /* Base */,
			);
			name = Main.storyboard;
			sourceTree = "<group>";
		};
		B57DF569222AFCC6000EA406 /* LaunchScreen.storyboard */ = {
			isa = PBXVariantGroup;
			children = (
				B57DF56A222AFCC6000EA406 /* Base */,
			);
			name = LaunchScreen.storyboard;
			sourceTree = "<group>";
		};
/* End PBXVariantGroup section */

/* Begin XCBuildConfiguration section */
		B57DF56D222AFCC6000EA406 /* Debug */ = {
			isa = XCBuildConfiguration;
			buildSettings = {
				ALWAYS_SEARCH_USER_PATHS = NO;
				CLANG_ANALYZER_NONNULL = YES;
				CLANG_ANALYZER_NUMBER_OBJECT_CONVERSION = YES_AGGRESSIVE;
				CLANG_CXX_LANGUAGE_STANDARD = "gnu++14";
				CLANG_CXX_LIBRARY = "libc++";
				CLANG_ENABLE_MODULES = YES;
				CLANG_ENABLE_OBJC_ARC = YES;
				CLANG_ENABLE_OBJC_WEAK = YES;
				CLANG_WARN_BLOCK_CAPTURE_AUTORELEASING = YES;
				CLANG_WARN_BOOL_CONVERSION = YES;
				CLANG_WARN_COMMA = YES;
				CLANG_WARN_CONSTANT_CONVERSION = YES;
				CLANG_WARN_DEPRECATED_OBJC_IMPLEMENTATIONS = YES;
				CLANG_WARN_DIRECT_OBJC_ISA_USAGE = YES_ERROR;
				CLANG_WARN_DOCUMENTATION_COMMENTS = YES;
				CLANG_WARN_EMPTY_BODY = YES;
				CLANG_WARN_ENUM_CONVERSION = YES;
				CLANG_WARN_INFINITE_RECURSION = YES;
				CLANG_WARN_INT_CONVERSION = YES;
				CLANG_WARN_NON_LITERAL_NULL_CONVERSION = YES;
				CLANG_WARN_OBJC_IMPLICIT_RETAIN_SELF = YES;
				CLANG_WARN_OBJC_LITERAL_CONVERSION = YES;
				CLANG_WARN_OBJC_ROOT_CLASS = YES_ERROR;
				CLANG_WARN_RANGE_LOOP_ANALYSIS = YES;
				CLANG_WARN_STRICT_PROTOTYPES = YES;
				CLANG_WARN_SUSPICIOUS_MOVE = YES;
				CLANG_WARN_UNGUARDED_AVAILABILITY = YES_AGGRESSIVE;
				CLANG_WARN_UNREACHABLE_CODE = YES;
				CLANG_WARN__DUPLICATE_METHOD_MATCH = YES;
				CODE_SIGN_IDENTITY = "iPhone Developer";
				COPY_PHASE_STRIP = NO;
				DEBUG_INFORMATION_FORMAT = dwarf;
				ENABLE_STRICT_OBJC_MSGSEND = YES;
				ENABLE_TESTABILITY = YES;
				GCC_C_LANGUAGE_STANDARD = gnu11;
				GCC_DYNAMIC_NO_PIC = NO;
				GCC_NO_COMMON_BLOCKS = YES;
				GCC_OPTIMIZATION_LEVEL = 0;
				GCC_PREPROCESSOR_DEFINITIONS = (
					"DEBUG=1",
					"$(inherited)",
				);
				GCC_WARN_64_TO_32_BIT_CONVERSION = YES;
				GCC_WARN_ABOUT_RETURN_TYPE = YES_ERROR;
				GCC_WARN_UNDECLARED_SELECTOR = YES;
				GCC_WARN_UNINITIALIZED_AUTOS = YES_AGGRESSIVE;
				GCC_WARN_UNUSED_FUNCTION = YES;
				GCC_WARN_UNUSED_VARIABLE = YES;
				IPHONEOS_DEPLOYMENT_TARGET = 12.1;
				MTL_ENABLE_DEBUG_INFO = INCLUDE_SOURCE;
				MTL_FAST_MATH = YES;
				ONLY_ACTIVE_ARCH = YES;
				SDKROOT = iphoneos;
				SWIFT_ACTIVE_COMPILATION_CONDITIONS = DEBUG;
				SWIFT_OPTIMIZATION_LEVEL = "-Onone";
			};
			name = Debug;
		};
		B57DF56E222AFCC6000EA406 /* Release */ = {
			isa = XCBuildConfiguration;
			buildSettings = {
				ALWAYS_SEARCH_USER_PATHS = NO;
				CLANG_ANALYZER_NONNULL = YES;
				CLANG_ANALYZER_NUMBER_OBJECT_CONVERSION = YES_AGGRESSIVE;
				CLANG_CXX_LANGUAGE_STANDARD = "gnu++14";
				CLANG_CXX_LIBRARY = "libc++";
				CLANG_ENABLE_MODULES = YES;
				CLANG_ENABLE_OBJC_ARC = YES;
				CLANG_ENABLE_OBJC_WEAK = YES;
				CLANG_WARN_BLOCK_CAPTURE_AUTORELEASING = YES;
				CLANG_WARN_BOOL_CONVERSION = YES;
				CLANG_WARN_COMMA = YES;
				CLANG_WARN_CONSTANT_CONVERSION = YES;
				CLANG_WARN_DEPRECATED_OBJC_IMPLEMENTATIONS = YES;
				CLANG_WARN_DIRECT_OBJC_ISA_USAGE = YES_ERROR;
				CLANG_WARN_DOCUMENTATION_COMMENTS = YES;
				CLANG_WARN_EMPTY_BODY = YES;
				CLANG_WARN_ENUM_CONVERSION = YES;
				CLANG_WARN_INFINITE_RECURSION = YES;
				CLANG_WARN_INT_CONVERSION = YES;
				CLANG_WARN_NON_LITERAL_NULL_CONVERSION = YES;
				CLANG_WARN_OBJC_IMPLICIT_RETAIN_SELF = YES;
				CLANG_WARN_OBJC_LITERAL_CONVERSION = YES;
				CLANG_WARN_OBJC_ROOT_CLASS = YES_ERROR;
				CLANG_WARN_RANGE_LOOP_ANALYSIS = YES;
				CLANG_WARN_STRICT_PROTOTYPES = YES;
				CLANG_WARN_SUSPICIOUS_MOVE = YES;
				CLANG_WARN_UNGUARDED_AVAILABILITY = YES_AGGRESSIVE;
				CLANG_WARN_UNREACHABLE_CODE = YES;
				CLANG_WARN__DUPLICATE_METHOD_MATCH = YES;
				CODE_SIGN_IDENTITY = "iPhone Developer";
				COPY_PHASE_STRIP = NO;
				DEBUG_INFORMATION_FORMAT = "dwarf-with-dsym";
				ENABLE_NS_ASSERTIONS = NO;
				ENABLE_STRICT_OBJC_MSGSEND = YES;
				GCC_C_LANGUAGE_STANDARD = gnu11;
				GCC_NO_COMMON_BLOCKS = YES;
				GCC_WARN_64_TO_32_BIT_CONVERSION = YES;
				GCC_WARN_ABOUT_RETURN_TYPE = YES_ERROR;
				GCC_WARN_UNDECLARED_SELECTOR = YES;
				GCC_WARN_UNINITIALIZED_AUTOS = YES_AGGRESSIVE;
				GCC_WARN_UNUSED_FUNCTION = YES;
				GCC_WARN_UNUSED_VARIABLE = YES;
				IPHONEOS_DEPLOYMENT_TARGET = 12.1;
				MTL_ENABLE_DEBUG_INFO = NO;
				MTL_FAST_MATH = YES;
				SDKROOT = iphoneos;
				SWIFT_COMPILATION_MODE = wholemodule;
				SWIFT_OPTIMIZATION_LEVEL = "-O";
				VALIDATE_PRODUCT = YES;
			};
			name = Release;
		};
		B57DF570222AFCC6000EA406 /* Debug */ = {
			isa = XCBuildConfiguration;
			baseConfigurationReference = CF51E03BCD70DFF2D0ADE091 /* Pods-ApiKudagoTest.debug.xcconfig */;
			buildSettings = {
				ASSETCATALOG_COMPILER_APPICON_NAME = AppIcon;
				CODE_SIGN_IDENTITY = "iPhone Developer";
				CODE_SIGN_STYLE = Automatic;
				DEVELOPMENT_TEAM = ZA784FKXHV;
				INFOPLIST_FILE = ApiKudagoTest/Info.plist;
				IPHONEOS_DEPLOYMENT_TARGET = 10.2;
				LD_RUNPATH_SEARCH_PATHS = (
					"$(inherited)",
					"@executable_path/Frameworks",
				);
				PRODUCT_BUNDLE_IDENTIFIER = kbshv.com.ApiKudagoTestt;
				PRODUCT_NAME = "$(TARGET_NAME)";
				PROVISIONING_PROFILE_SPECIFIER = "";
				SWIFT_VERSION = 4.2;
				TARGETED_DEVICE_FAMILY = 1;
			};
			name = Debug;
		};
		B57DF571222AFCC6000EA406 /* Release */ = {
			isa = XCBuildConfiguration;
			baseConfigurationReference = D67083FF08CA97F9BD3D82D8 /* Pods-ApiKudagoTest.release.xcconfig */;
			buildSettings = {
				ASSETCATALOG_COMPILER_APPICON_NAME = AppIcon;
				CODE_SIGN_IDENTITY = "iPhone Developer";
				CODE_SIGN_STYLE = Automatic;
				DEVELOPMENT_TEAM = ZA784FKXHV;
				INFOPLIST_FILE = ApiKudagoTest/Info.plist;
				IPHONEOS_DEPLOYMENT_TARGET = 10.2;
				LD_RUNPATH_SEARCH_PATHS = (
					"$(inherited)",
					"@executable_path/Frameworks",
				);
				PRODUCT_BUNDLE_IDENTIFIER = kbshv.com.ApiKudagoTestt;
				PRODUCT_NAME = "$(TARGET_NAME)";
				PROVISIONING_PROFILE_SPECIFIER = "";
				SWIFT_VERSION = 4.2;
				TARGETED_DEVICE_FAMILY = 1;
			};
			name = Release;
		};
/* End XCBuildConfiguration section */

/* Begin XCConfigurationList section */
		B57DF558222AFCC3000EA406 /* Build configuration list for PBXProject "ApiKudagoTest" */ = {
			isa = XCConfigurationList;
			buildConfigurations = (
				B57DF56D222AFCC6000EA406 /* Debug */,
				B57DF56E222AFCC6000EA406 /* Release */,
			);
			defaultConfigurationIsVisible = 0;
			defaultConfigurationName = Release;
		};
		B57DF56F222AFCC6000EA406 /* Build configuration list for PBXNativeTarget "ApiKudagoTest" */ = {
			isa = XCConfigurationList;
			buildConfigurations = (
				B57DF570222AFCC6000EA406 /* Debug */,
				B57DF571222AFCC6000EA406 /* Release */,
			);
			defaultConfigurationIsVisible = 0;
			defaultConfigurationName = Release;
		};
/* End XCConfigurationList section */
	};
	rootObject = B57DF555222AFCC3000EA406 /* Project object */;
}
